github.com/sashabaranov/go-openai v1.31.0 h1:rGe77x7zUeCjtS2IS7NCY6Tp4bQviXNMhkQM6hz/UC4=
github.com/sashabaranov/go-openai v1.31.0/go.mod h1:lj5b/K+zjTSFxVLijLSTDZuP7adOgerWeFyZLUhAKRg=
github.com/schachmat/ingo v0.0.0-20170403011506-a4bdc0729a3f h1:LVVgdfybimT/BiUdv92Jl2GKh8I6ixWcQkMUxZOcM+A=
github.com/schachmat/ingo v0.0.0-20170403011506-a4bdc0729a3f/go.mod h1:WCPgQqzEa4YPOI8WKplmQu5WyU+BdI1cioHNkzWScP8=
